<Solution>
  <Folder Name="/Task0/">
    <Project Path="Tyuiu.ReneDS.Sprint0.Task0.V0/Tyuiu.ReneDS.Sprint0.Task0.V1.csproj" Id="d6c5ecad-2831-4c9a-aad5-da7ef2d586fa" />
  </Folder>
  <Folder Name="/Task1/">
    <Project Path="Tyuiu.ReneDS.Sprint0.Task1.V0/Tyuiu.ReneDS.Sprint0.Task1.V1.csproj" Id="c2cabf31-2234-4ccf-97c1-ee514405b179" />
  </Folder>
  <Folder Name="/Task2/">
    <Project Path="Tyuiu.ReneDS.Sprint0.Task2.V1.Lib/Tyuiu.ReneDS.Sprint0.Task2.V1.Lib.csproj" Id="da028f0c-63be-4259-8f35-08d7f672b732" />
    <Project Path="Tyuiu.ReneDS.Sprint0.Task2.V1.Test/Tyuiu.ReneDS.Sprint0.Task2.V1.Test.csproj" Id="e12cd14b-a9f9-4cf9-81df-397258b573d4" />
    <Project Path="Tyuiu.ReneDS.Sprint0.Task2.V1/Tyuiu.ReneDS.Sprint0.Task2.V1.csproj" Id="0eadd744-e9dc-4fe9-9149-b91c1a6004c4" />
  </Folder>
  <Folder Name="/Task3/">
    <Project Path="Tyuiu.ReneDS.Sprint0.Task3.V1.Lib/Tyuiu.ReneDS.Sprint0.Task3.V1.Lib.csproj" Id="08ef23e0-9006-4b64-ad74-a5f7a23dbffc" />
    <Project Path="Tyuiu.ReneDS.Sprint0.Task3.V1.Test/Tyuiu.ReneDS.Sprint0.Task3.V1.Test.csproj" Id="416ea3c1-538f-44fe-be9b-97255a9ac88d" />
    <Project Path="Tyuiu.ReneDS.Sprint0.Task3.V1/Tyuiu.ReneDS.Sprint0.Task3.V1.csproj" Id="7eaf9155-00eb-4347-8f60-edfac3e47c80" />
  </Folder>
  <Folder Name="/Task4/">
    <Project Path="Tyuiu.ReneDS.Sprint0.Task4.V1.Lib/Tyuiu.ReneDS.Sprint0.Task4.V1.Lib.csproj" Id="7f68d6d9-f3a1-4fcd-a66a-4beeac39ea58" />
    <Project Path="Tyuiu.ReneDS.Sprint0.Task4.V1.Test/Tyuiu.ReneDS.Sprint0.Task4.V1.Test.csproj" Id="a7bbb5ee-af32-453f-a3bb-4afe3a1075a4" />
    <Project Path="Tyuiu.ReneDS.Sprint0.Task4.V1/Tyuiu.ReneDS.Sprint0.Task4.V1.csproj" Id="5934619a-4596-4a87-b027-73170d348c69" />
  </Folder>
  <Folder Name="/Task5/">
    <Project Path="Tyuiu.ReneDS.Sprint0.Task5.V1.Lib/Tyuiu.ReneDS.Sprint0.Task5.V1.Lib.csproj" Id="72114ab7-0fcd-4f17-974c-f77510d7331b" />
    <Project Path="Tyuiu.ReneDS.Sprint0.Task5.V1.Test/Tyuiu.ReneDS.Sprint0.Task5.V1.Test.csproj" Id="71735bd6-25dc-49d6-94a0-d9e77c2533c8" />
    <Project Path="Tyuiu.ReneDS.Sprint0.Task5.V1/Tyuiu.ReneDS.Sprint0.Task5.V1.csproj" Id="cd50bbac-7397-484e-a12c-451321d28424" />
  </Folder>
</Solution>
